
Microsoft Visual Studio Solution File, Format Version 12.00
# Visual Studio Version 16
VisualStudioVersion = 16.0.30002.166
MinimumVisualStudioVersion = 10.0.40219.1
Project("{9A19103F-16F7-4668-BE54-9A1E7A4F7556}") = "MyVet.Common", "MyVet.Common\MyVet.Common.csproj", "{E7CFF581-D0C4-4ED0-881D-10C0DE757900}"
EndProject
Project("{9A19103F-16F7-4668-BE54-9A1E7A4F7556}") = "MyVet.Web", "MyVet.Web\MyVet.Web.csproj", "{967876E1-E060-4000-94D3-35997746187D}"
EndProject
Project("{FAE04EC0-301F-11D3-BF4B-00C04F79EFBC}") = "MyVet.Prism", "MyVet.Prism\MyVet.Prism\MyVet.Prism.csproj", "{06885A5D-6787-4589-A22F-F3D73D3BF720}"
EndProject
Project("{FAE04EC0-301F-11D3-BF4B-00C04F79EFBC}") = "MyVet.Prism.Android", "MyVet.Prism\MyVet.Prism.Android\MyVet.Prism.Android.csproj", "{34197D0A-5634-453C-A5B3-24AF00AE7902}"
EndProject
Project("{FAE04EC0-301F-11D3-BF4B-00C04F79EFBC}") = "MyVet.Prism.iOS", "MyVet.Prism\MyVet.Prism.iOS\MyVet.Prism.iOS.csproj", "{991A09A6-ABBF-42D7-805E-464A4385904A}"
EndProject
Global
	GlobalSection(SolutionConfigurationPlatforms) = preSolution
		Ad-Hoc|Any CPU = Ad-Hoc|Any CPU
		Ad-Hoc|iPhone = Ad-Hoc|iPhone
		Ad-Hoc|iPhoneSimulator = Ad-Hoc|iPhoneSimulator
		AppStore|Any CPU = AppStore|Any CPU
		AppStore|iPhone = AppStore|iPhone
		AppStore|iPhoneSimulator = AppStore|iPhoneSimulator
		Debug|Any CPU = Debug|Any CPU
		Debug|iPhone = Debug|iPhone
		Debug|iPhoneSimulator = Debug|iPhoneSimulator
		Release|Any CPU = Release|Any CPU
		Release|iPhone = Release|iPhone
		Release|iPhoneSimulator = Release|iPhoneSimulator
	EndGlobalSection
	GlobalSection(ProjectConfigurationPlatforms) = postSolution
		{E7CFF581-D0C4-4ED0-881D-10C0DE757900}.Ad-Hoc|Any CPU.ActiveCfg = Release|Any CPU
		{E7CFF581-D0C4-4ED0-881D-10C0DE757900}.Ad-Hoc|Any CPU.Build.0 = Release|Any CPU
		{E7CFF581-D0C4-4ED0-881D-10C0DE757900}.Ad-Hoc|iPhone.ActiveCfg = Release|Any CPU
		{E7CFF581-D0C4-4ED0-881D-10C0DE757900}.Ad-Hoc|iPhone.Build.0 = Release|Any CPU
		{E7CFF581-D0C4-4ED0-881D-10C0DE757900}.Ad-Hoc|iPhoneSimulator.ActiveCfg = Release|Any CPU
		{E7CFF581-D0C4-4ED0-881D-10C0DE757900}.Ad-Hoc|iPhoneSimulator.Build.0 = Release|Any CPU
		{E7CFF581-D0C4-4ED0-881D-10C0DE757900}.AppStore|Any CPU.ActiveCfg = Release|Any CPU
		{E7CFF581-D0C4-4ED0-881D-10C0DE757900}.AppStore|Any CPU.Build.0 = Release|Any CPU
		{E7CFF581-D0C4-4ED0-881D-10C0DE757900}.AppStore|iPhone.ActiveCfg = Release|Any CPU
		{E7CFF581-D0C4-4ED0-881D-10C0DE757900}.AppStore|iPhone.Build.0 = Release|Any CPU
		{E7CFF581-D0C4-4ED0-881D-10C0DE757900}.AppStore|iPhoneSimulator.ActiveCfg = Release|Any CPU
		{E7CFF581-D0C4-4ED0-881D-10C0DE757900}.AppStore|iPhoneSimulator.Build.0 = Release|Any CPU
		{E7CFF581-D0C4-4ED0-881D-10C0DE757900}.Debug|Any CPU.ActiveCfg = Debug|Any CPU
		{E7CFF581-D0C4-4ED0-881D-10C0DE757900}.Debug|Any CPU.Build.0 = Debug|Any CPU
		{E7CFF581-D0C4-4ED0-881D-10C0DE757900}.Debug|iPhone.ActiveCfg = Debug|Any CPU
		{E7CFF581-D0C4-4ED0-881D-10C0DE757900}.Debug|iPhone.Build.0 = Debug|Any CPU
		{E7CFF581-D0C4-4ED0-881D-10C0DE757900}.Debug|iPhoneSimulator.ActiveCfg = Debug|Any CPU
		{E7CFF581-D0C4-4ED0-881D-10C0DE757900}.Debug|iPhoneSimulator.Build.0 = Debug|Any CPU
		{E7CFF581-D0C4-4ED0-881D-10C0DE757900}.Release|Any CPU.ActiveCfg = Release|Any CPU
		{E7CFF581-D0C4-4ED0-881D-10C0DE757900}.Release|Any CPU.Build.0 = Release|Any CPU
		{E7CFF581-D0C4-4ED0-881D-10C0DE757900}.Release|iPhone.ActiveCfg = Release|Any CPU
		{E7CFF581-D0C4-4ED0-881D-10C0DE757900}.Release|iPhone.Build.0 = Release|Any CPU
		{E7CFF581-D0C4-4ED0-881D-10C0DE757900}.Release|iPhoneSimulator.ActiveCfg = Release|Any CPU
		{E7CFF581-D0C4-4ED0-881D-10C0DE757900}.Release|iPhoneSimulator.Build.0 = Release|Any CPU
		{967876E1-E060-4000-94D3-35997746187D}.Ad-Hoc|Any CPU.ActiveCfg = Release|Any CPU
		{967876E1-E060-4000-94D3-35997746187D}.Ad-Hoc|Any CPU.Build.0 = Release|Any CPU
		{967876E1-E060-4000-94D3-35997746187D}.Ad-Hoc|iPhone.ActiveCfg = Release|Any CPU
		{967876E1-E060-4000-94D3-35997746187D}.Ad-Hoc|iPhone.Build.0 = Release|Any CPU
		{967876E1-E060-4000-94D3-35997746187D}.Ad-Hoc|iPhoneSimulator.ActiveCfg = Release|Any CPU
		{967876E1-E060-4000-94D3-35997746187D}.Ad-Hoc|iPhoneSimulator.Build.0 = Release|Any CPU
		{967876E1-E060-4000-94D3-35997746187D}.AppStore|Any CPU.ActiveCfg = Release|Any CPU
		{967876E1-E060-4000-94D3-35997746187D}.AppStore|Any CPU.Build.0 = Release|Any CPU
		{967876E1-E060-4000-94D3-35997746187D}.AppStore|iPhone.ActiveCfg = Release|Any CPU
		{967876E1-E060-4000-94D3-35997746187D}.AppStore|iPhone.Build.0 = Release|Any CPU
		{967876E1-E060-4000-94D3-35997746187D}.AppStore|iPhoneSimulator.ActiveCfg = Release|Any CPU
		{967876E1-E060-4000-94D3-35997746187D}.AppStore|iPhoneSimulator.Build.0 = Release|Any CPU
		{967876E1-E060-4000-94D3-35997746187D}.Debug|Any CPU.ActiveCfg = Debug|Any CPU
		{967876E1-E060-4000-94D3-35997746187D}.Debug|Any CPU.Build.0 = Debug|Any CPU
		{967876E1-E060-4000-94D3-35997746187D}.Debug|iPhone.ActiveCfg = Debug|Any CPU
		{967876E1-E060-4000-94D3-35997746187D}.Debug|iPhone.Build.0 = Debug|Any CPU
		{967876E1-E060-4000-94D3-35997746187D}.Debug|iPhoneSimulator.ActiveCfg = Debug|Any CPU
		{967876E1-E060-4000-94D3-35997746187D}.Debug|iPhoneSimulator.Build.0 = Debug|Any CPU
		{967876E1-E060-4000-94D3-35997746187D}.Release|Any CPU.ActiveCfg = Release|Any CPU
		{967876E1-E060-4000-94D3-35997746187D}.Release|Any CPU.Build.0 = Release|Any CPU
		{967876E1-E060-4000-94D3-35997746187D}.Release|iPhone.ActiveCfg = Release|Any CPU
		{967876E1-E060-4000-94D3-35997746187D}.Release|iPhone.Build.0 = Release|Any CPU
		{967876E1-E060-4000-94D3-35997746187D}.Release|iPhoneSimulator.ActiveCfg = Release|Any CPU
		{967876E1-E060-4000-94D3-35997746187D}.Release|iPhoneSimulator.Build.0 = Release|Any CPU
		{06885A5D-6787-4589-A22F-F3D73D3BF720}.Ad-Hoc|Any CPU.ActiveCfg = Debug|Any CPU
		{06885A5D-6787-4589-A22F-F3D73D3BF720}.Ad-Hoc|Any CPU.Build.0 = Debug|Any CPU
		{06885A5D-6787-4589-A22F-F3D73D3BF720}.Ad-Hoc|iPhone.ActiveCfg = Debug|Any CPU
		{06885A5D-6787-4589-A22F-F3D73D3BF720}.Ad-Hoc|iPhone.Build.0 = Debug|Any CPU
		{06885A5D-6787-4589-A22F-F3D73D3BF720}.Ad-Hoc|iPhoneSimulator.ActiveCfg = Debug|Any CPU
		{06885A5D-6787-4589-A22F-F3D73D3BF720}.Ad-Hoc|iPhoneSimulator.Build.0 = Debug|Any CPU
		{06885A5D-6787-4589-A22F-F3D73D3BF720}.AppStore|Any CPU.ActiveCfg = Debug|Any CPU
		{06885A5D-6787-4589-A22F-F3D73D3BF720}.AppStore|Any CPU.Build.0 = Debug|Any CPU
		{06885A5D-6787-4589-A22F-F3D73D3BF720}.AppStore|iPhone.ActiveCfg = Debug|Any CPU
		{06885A5D-6787-4589-A22F-F3D73D3BF720}.AppStore|iPhone.Build.0 = Debug|Any CPU
		{06885A5D-6787-4589-A22F-F3D73D3BF720}.AppStore|iPhoneSimulator.ActiveCfg = Debug|Any CPU
		{06885A5D-6787-4589-A22F-F3D73D3BF720}.AppStore|iPhoneSimulator.Build.0 = Debug|Any CPU
		{06885A5D-6787-4589-A22F-F3D73D3BF720}.Debug|Any CPU.ActiveCfg = Debug|Any CPU
		{06885A5D-6787-4589-A22F-F3D73D3BF720}.Debug|Any CPU.Build.0 = Debug|Any CPU
		{06885A5D-6787-4589-A22F-F3D73D3BF720}.Debug|iPhone.ActiveCfg = Debug|Any CPU
		{06885A5D-6787-4589-A22F-F3D73D3BF720}.Debug|iPhone.Build.0 = Debug|Any CPU
		{06885A5D-6787-4589-A22F-F3D73D3BF720}.Debug|iPhoneSimulator.ActiveCfg = Debug|Any CPU
		{06885A5D-6787-4589-A22F-F3D73D3BF720}.Debug|iPhoneSimulator.Build.0 = Debug|Any CPU
		{06885A5D-6787-4589-A22F-F3D73D3BF720}.Release|Any CPU.ActiveCfg = Release|Any CPU
		{06885A5D-6787-4589-A22F-F3D73D3BF720}.Release|Any CPU.Build.0 = Release|Any CPU
		{06885A5D-6787-4589-A22F-F3D73D3BF720}.Release|iPhone.ActiveCfg = Release|Any CPU
		{06885A5D-6787-4589-A22F-F3D73D3BF720}.Release|iPhone.Build.0 = Release|Any CPU
		{06885A5D-6787-4589-A22F-F3D73D3BF720}.Release|iPhoneSimulator.ActiveCfg = Release|Any CPU
		{06885A5D-6787-4589-A22F-F3D73D3BF720}.Release|iPhoneSimulator.Build.0 = Release|Any CPU
		{34197D0A-5634-453C-A5B3-24AF00AE7902}.Ad-Hoc|Any CPU.ActiveCfg = Release|Any CPU
		{34197D0A-5634-453C-A5B3-24AF00AE7902}.Ad-Hoc|Any CPU.Build.0 = Release|Any CPU
		{34197D0A-5634-453C-A5B3-24AF00AE7902}.Ad-Hoc|Any CPU.Deploy.0 = Release|Any CPU
		{34197D0A-5634-453C-A5B3-24AF00AE7902}.Ad-Hoc|iPhone.ActiveCfg = Release|Any CPU
		{34197D0A-5634-453C-A5B3-24AF00AE7902}.Ad-Hoc|iPhone.Build.0 = Release|Any CPU
		{34197D0A-5634-453C-A5B3-24AF00AE7902}.Ad-Hoc|iPhone.Deploy.0 = Release|Any CPU
		{34197D0A-5634-453C-A5B3-24AF00AE7902}.Ad-Hoc|iPhoneSimulator.ActiveCfg = Release|Any CPU
		{34197D0A-5634-453C-A5B3-24AF00AE7902}.Ad-Hoc|iPhoneSimulator.Build.0 = Release|Any CPU
		{34197D0A-5634-453C-A5B3-24AF00AE7902}.Ad-Hoc|iPhoneSimulator.Deploy.0 = Release|Any CPU
		{34197D0A-5634-453C-A5B3-24AF00AE7902}.AppStore|Any CPU.ActiveCfg = Release|Any CPU
		{34197D0A-5634-453C-A5B3-24AF00AE7902}.AppStore|Any CPU.Build.0 = Release|Any CPU
		{34197D0A-5634-453C-A5B3-24AF00AE7902}.AppStore|Any CPU.Deploy.0 = Release|Any CPU
		{34197D0A-5634-453C-A5B3-24AF00AE7902}.AppStore|iPhone.ActiveCfg = Release|Any CPU
		{34197D0A-5634-453C-A5B3-24AF00AE7902}.AppStore|iPhone.Build.0 = Release|Any CPU
		{34197D0A-5634-453C-A5B3-24AF00AE7902}.AppStore|iPhone.Deploy.0 = Release|Any CPU
		{34197D0A-5634-453C-A5B3-24AF00AE7902}.AppStore|iPhoneSimulator.ActiveCfg = Release|Any CPU
		{34197D0A-5634-453C-A5B3-24AF00AE7902}.AppStore|iPhoneSimulator.Build.0 = Release|Any CPU
		{34197D0A-5634-453C-A5B3-24AF00AE7902}.AppStore|iPhoneSimulator.Deploy.0 = Release|Any CPU
		{34197D0A-5634-453C-A5B3-24AF00AE7902}.Debug|Any CPU.ActiveCfg = Debug|Any CPU
		{34197D0A-5634-453C-A5B3-24AF00AE7902}.Debug|Any CPU.Build.0 = Debug|Any CPU
		{34197D0A-5634-453C-A5B3-24AF00AE7902}.Debug|Any CPU.Deploy.0 = Debug|Any CPU
		{34197D0A-5634-453C-A5B3-24AF00AE7902}.Debug|iPhone.ActiveCfg = Debug|Any CPU
		{34197D0A-5634-453C-A5B3-24AF00AE7902}.Debug|iPhone.Build.0 = Debug|Any CPU
		{34197D0A-5634-453C-A5B3-24AF00AE7902}.Debug|iPhone.Deploy.0 = Debug|Any CPU
		{34197D0A-5634-453C-A5B3-24AF00AE7902}.Debug|iPhoneSimulator.ActiveCfg = Debug|Any CPU
		{34197D0A-5634-453C-A5B3-24AF00AE7902}.Debug|iPhoneSimulator.Build.0 = Debug|Any CPU
		{34197D0A-5634-453C-A5B3-24AF00AE7902}.Debug|iPhoneSimulator.Deploy.0 = Debug|Any CPU
		{34197D0A-5634-453C-A5B3-24AF00AE7902}.Release|Any CPU.ActiveCfg = Release|Any CPU
		{34197D0A-5634-453C-A5B3-24AF00AE7902}.Release|Any CPU.Build.0 = Release|Any CPU
		{34197D0A-5634-453C-A5B3-24AF00AE7902}.Release|Any CPU.Deploy.0 = Release|Any CPU
		{34197D0A-5634-453C-A5B3-24AF00AE7902}.Release|iPhone.ActiveCfg = Release|Any CPU
		{34197D0A-5634-453C-A5B3-24AF00AE7902}.Release|iPhone.Build.0 = Release|Any CPU
		{34197D0A-5634-453C-A5B3-24AF00AE7902}.Release|iPhone.Deploy.0 = Release|Any CPU
		{34197D0A-5634-453C-A5B3-24AF00AE7902}.Release|iPhoneSimulator.ActiveCfg = Release|Any CPU
		{34197D0A-5634-453C-A5B3-24AF00AE7902}.Release|iPhoneSimulator.Build.0 = Release|Any CPU
		{34197D0A-5634-453C-A5B3-24AF00AE7902}.Release|iPhoneSimulator.Deploy.0 = Release|Any CPU
		{991A09A6-ABBF-42D7-805E-464A4385904A}.Ad-Hoc|Any CPU.ActiveCfg = Ad-Hoc|iPhone
		{991A09A6-ABBF-42D7-805E-464A4385904A}.Ad-Hoc|iPhone.ActiveCfg = Ad-Hoc|iPhone
		{991A09A6-ABBF-42D7-805E-464A4385904A}.Ad-Hoc|iPhone.Build.0 = Ad-Hoc|iPhone
		{991A09A6-ABBF-42D7-805E-464A4385904A}.Ad-Hoc|iPhoneSimulator.ActiveCfg = Ad-Hoc|iPhoneSimulator
		{991A09A6-ABBF-42D7-805E-464A4385904A}.Ad-Hoc|iPhoneSimulator.Build.0 = Ad-Hoc|iPhoneSimulator
		{991A09A6-ABBF-42D7-805E-464A4385904A}.AppStore|Any CPU.ActiveCfg = AppStore|iPhone
		{991A09A6-ABBF-42D7-805E-464A4385904A}.AppStore|iPhone.ActiveCfg = AppStore|iPhone
		{991A09A6-ABBF-42D7-805E-464A4385904A}.AppStore|iPhone.Build.0 = AppStore|iPhone
		{991A09A6-ABBF-42D7-805E-464A4385904A}.AppStore|iPhoneSimulator.ActiveCfg = AppStore|iPhoneSimulator
		{991A09A6-ABBF-42D7-805E-464A4385904A}.AppStore|iPhoneSimulator.Build.0 = AppStore|iPhoneSimulator
		{991A09A6-ABBF-42D7-805E-464A4385904A}.Debug|Any CPU.ActiveCfg = Debug|iPhone
		{991A09A6-ABBF-42D7-805E-464A4385904A}.Debug|iPhone.ActiveCfg = Debug|iPhone
		{991A09A6-ABBF-42D7-805E-464A4385904A}.Debug|iPhone.Build.0 = Debug|iPhone
		{991A09A6-ABBF-42D7-805E-464A4385904A}.Debug|iPhoneSimulator.ActiveCfg = Debug|iPhoneSimulator
		{991A09A6-ABBF-42D7-805E-464A4385904A}.Debug|iPhoneSimulator.Build.0 = Debug|iPhoneSimulator
		{991A09A6-ABBF-42D7-805E-464A4385904A}.Release|Any CPU.ActiveCfg = Release|iPhone
		{991A09A6-ABBF-42D7-805E-464A4385904A}.Release|iPhone.ActiveCfg = Release|iPhone
		{991A09A6-ABBF-42D7-805E-464A4385904A}.Release|iPhone.Build.0 = Release|iPhone
		{991A09A6-ABBF-42D7-805E-464A4385904A}.Release|iPhoneSimulator.ActiveCfg = Release|iPhoneSimulator
		{991A09A6-ABBF-42D7-805E-464A4385904A}.Release|iPhoneSimulator.Build.0 = Release|iPhoneSimulator
	EndGlobalSection
	GlobalSection(SolutionProperties) = preSolution
		HideSolutionNode = FALSE
	EndGlobalSection
	GlobalSection(ExtensibilityGlobals) = postSolution
		SolutionGuid = {10B2EBB8-2187-4E15-8599-B7237818A2EE}
	EndGlobalSection
EndGlobal
